
Microsoft Visual Studio Solution File, Format Version 12.00
# Visual Studio Version 16
VisualStudioVersion = 16.0.31613.86
MinimumVisualStudioVersion = 10.0.40219.1
Project("{FAE04EC0-301F-11D3-BF4B-00C04F79EFBC}") = "Main Method Assignment", "Main Method Assignment\Main Method Assignment.csproj", "{564503DC-8409-4DD1-BF5C-CB835982E223}"
EndProject
Global
	GlobalSection(SolutionConfigurationPlatforms) = preSolution
		Debug|Any CPU = Debug|Any CPU
		Release|Any CPU = Release|Any CPU
	EndGlobalSection
	GlobalSection(ProjectConfigurationPlatforms) = postSolution
		{564503DC-8409-4DD1-BF5C-CB835982E223}.Debug|Any CPU.ActiveCfg = Debug|Any CPU
		{564503DC-8409-4DD1-BF5C-CB835982E223}.Debug|Any CPU.Build.0 = Debug|Any CPU
		{564503DC-8409-4DD1-BF5C-CB835982E223}.Release|Any CPU.ActiveCfg = Release|Any CPU
		{564503DC-8409-4DD1-BF5C-CB835982E223}.Release|Any CPU.Build.0 = Release|Any CPU
	EndGlobalSection
	GlobalSection(SolutionProperties) = preSolution
		HideSolutionNode = FALSE
	EndGlobalSection
	GlobalSection(ExtensibilityGlobals) = postSolution
		SolutionGuid = {C54EFB47-3251-41A7-B28E-E87A70625D04}
	EndGlobalSection
EndGlobal
